{
    "hash": "d15b5c12b70ab70b6b02e1a469839ffa",
    "packages": [
        {
            "package": "Respect/Data",
            "version": "dev-master",
            "source-reference": "e72f7085f132282ed93c845689956d0ad1377f72"
        },
        {
            "package": "Respect/Relational",
            "version": "dev-develop",
            "source-reference": "7064aedc0d465a289eadacedb834563df6638a8b"
        },
        {
            "package": "pimple/pimple",
            "version": "dev-master",
            "source-reference": "a687126f3d49c576eb33568d57e4d46a35c45cb2"
        },
        {
            "package": "silex/silex",
            "version": "dev-master",
            "source-reference": "c3fd34646a91279b7da716746a7cc9db93da8202"
        },
        {
            "package": "symfony/browser-kit",
            "version": "dev-master",
            "source-reference": "f91ab705dc8f4fdfdc5baad0082a1263d77e147e",
            "alias": "2.1.9999999.9999999-dev"
        },
        {
            "package": "symfony/class-loader",
            "version": "dev-master",
            "source-reference": "cd1550a4a6c0794b6b109af2db43fde6e18ee363",
            "alias": "2.1.9999999.9999999-dev"
        },
        {
            "package": "symfony/css-selector",
            "version": "dev-master",
            "source-reference": "dd695aadd80d8e6e726a7a050535c04325cefa02",
            "alias": "2.1.9999999.9999999-dev"
        },
        {
            "package": "symfony/dom-crawler",
            "version": "dev-master",
            "source-reference": "9b4694da9a1239771468096c574d8309992a8454",
            "alias": "2.1.9999999.9999999-dev"
        },
        {
            "package": "symfony/event-dispatcher",
            "version": "dev-master",
            "source-reference": "07e1d0174f3a0ec36bbe04b3850270df7a86271d",
            "alias": "2.1.9999999.9999999-dev"
        },
        {
            "package": "symfony/finder",
            "version": "dev-master",
            "source-reference": "57ec7198a70e6c40e450ba66cc2f8ecab98746c8",
            "alias": "2.1.9999999.9999999-dev"
        },
        {
            "package": "symfony/http-foundation",
            "version": "dev-master",
            "source-reference": "b9aceabb83f3d03fe451cdd867d987e863e7a25e",
            "alias": "2.1.9999999.9999999-dev"
        },
        {
            "package": "symfony/http-kernel",
            "version": "dev-master",
            "source-reference": "2048aa455abe5ca6089fab93fcb787742beb7e49",
            "alias": "2.1.9999999.9999999-dev"
        },
        {
            "package": "symfony/process",
            "version": "dev-master",
            "source-reference": "2e4da8c8076744bafed97451bb1574c96cda0e68",
            "alias": "2.1.9999999.9999999-dev"
        },
        {
            "package": "symfony/routing",
            "version": "dev-master",
            "source-reference": "0811d83da31aacfe32a580b5db4287cae8f3d5a9",
            "alias": "2.1.9999999.9999999-dev"
        },
        {
            "package": "symfony/yaml",
            "version": "dev-master",
            "source-reference": "0647ee4ca69b60f9043256e89f8dbaa0cedd854c"
        },
        {
            "package": "twig/extensions",
            "version": "dev-master",
            "source-reference": "1dfff8e793f50f651c4f74f796c2c68a4aee3147"
        },
        {
            "package": "twig/twig",
            "version": "1.6.4"
        }
    ],
    "aliases": []
}
